// !$*UTF8*$!
{
	archiveVersion = 1;
	classes = {
	};
	objectVersion = 50;
	objects = {

/* Begin PBXBuildFile section */
		FF577854215A0C4700B29AE6 /* AppDelegate.swift in Sources */ = {isa = PBXBuildFile; fileRef = FF577853215A0C4700B29AE6 /* AppDelegate.swift */; };
		FF577856215A0C4700B29AE6 /* ConcentrationViewController.swift in Sources */ = {isa = PBXBuildFile; fileRef = FF577855215A0C4700B29AE6 /* ConcentrationViewController.swift */; };
		FF577859215A0C4700B29AE6 /* Main.storyboard in Resources */ = {isa = PBXBuildFile; fileRef = FF577857215A0C4700B29AE6 /* Main.storyboard */; };
		FF57785B215A0C5000B29AE6 /* Assets.xcassets in Resources */ = {isa = PBXBuildFile; fileRef = FF57785A215A0C5000B29AE6 /* Assets.xcassets */; };
		FF57785E215A0C5000B29AE6 /* LaunchScreen.storyboard in Resources */ = {isa = PBXBuildFile; fileRef = FF57785C215A0C5000B29AE6 /* LaunchScreen.storyboard */; };
		FF577869215A0C5000B29AE6 /* ConcentrationTests.swift in Sources */ = {isa = PBXBuildFile; fileRef = FF577868215A0C5000B29AE6 /* ConcentrationTests.swift */; };
		FF577874215A0C5000B29AE6 /* ConcentrationUITests.swift in Sources */ = {isa = PBXBuildFile; fileRef = FF577873215A0C5000B29AE6 /* ConcentrationUITests.swift */; };
		FF845AD021700CEF005C1D0E /* ConcentrationThemeChooserViewController.swift in Sources */ = {isa = PBXBuildFile; fileRef = FF845ACF21700CEF005C1D0E /* ConcentrationThemeChooserViewController.swift */; };
		FFC41EE5215B10220047D26E /* Concentration.swift in Sources */ = {isa = PBXBuildFile; fileRef = FFC41EE4215B10220047D26E /* Concentration.swift */; };
		FFC41EE7215B10E90047D26E /* Card.swift in Sources */ = {isa = PBXBuildFile; fileRef = FFC41EE6215B10E90047D26E /* Card.swift */; };
/* End PBXBuildFile section */

/* Begin PBXContainerItemProxy section */
		FF577865215A0C5000B29AE6 /* PBXContainerItemProxy */ = {
			isa = PBXContainerItemProxy;
			containerPortal = FF577848215A0C4700B29AE6 /* Project object */;
			proxyType = 1;
			remoteGlobalIDString = FF57784F215A0C4700B29AE6;
			remoteInfo = Concentration;
		};
		FF577870215A0C5000B29AE6 /* PBXContainerItemProxy */ = {
			isa = PBXContainerItemProxy;
			containerPortal = FF577848215A0C4700B29AE6 /* Project object */;
			proxyType = 1;
			remoteGlobalIDString = FF57784F215A0C4700B29AE6;
			remoteInfo = Concentration;
		};
/* End PBXContainerItemProxy section */

/* Begin PBXFileReference section */
		FF577850215A0C4700B29AE6 /* Concentration.app */ = {isa = PBXFileReference; explicitFileType = wrapper.application; includeInIndex = 0; path = Concentration.app; sourceTree = BUILT_PRODUCTS_DIR; };
		FF577853215A0C4700B29AE6 /* AppDelegate.swift */ = {isa = PBXFileReference; lastKnownFileType = sourcecode.swift; path = AppDelegate.swift; sourceTree = "<group>"; };
		FF577855215A0C4700B29AE6 /* ConcentrationViewController.swift */ = {isa = PBXFileReference; lastKnownFileType = sourcecode.swift; path = ConcentrationViewController.swift; sourceTree = "<group>"; };
		FF577858215A0C4700B29AE6 /* Base */ = {isa = PBXFileReference; lastKnownFileType = file.storyboard; name = Base; path = Base.lproj/Main.storyboard; sourceTree = "<group>"; };
		FF57785A215A0C5000B29AE6 /* Assets.xcassets */ = {isa = PBXFileReference; lastKnownFileType = folder.assetcatalog; path = Assets.xcassets; sourceTree = "<group>"; };
		FF57785D215A0C5000B29AE6 /* Base */ = {isa = PBXFileReference; lastKnownFileType = file.storyboard; name = Base; path = Base.lproj/LaunchScreen.storyboard; sourceTree = "<group>"; };
		FF57785F215A0C5000B29AE6 /* Info.plist */ = {isa = PBXFileReference; lastKnownFileType = text.plist.xml; path = Info.plist; sourceTree = "<group>"; };
		FF577864215A0C5000B29AE6 /* ConcentrationTests.xctest */ = {isa = PBXFileReference; explicitFileType = wrapper.cfbundle; includeInIndex = 0; path = ConcentrationTests.xctest; sourceTree = BUILT_PRODUCTS_DIR; };
		FF577868215A0C5000B29AE6 /* ConcentrationTests.swift */ = {isa = PBXFileReference; lastKnownFileType = sourcecode.swift; path = ConcentrationTests.swift; sourceTree = "<group>"; };
		FF57786A215A0C5000B29AE6 /* Info.plist */ = {isa = PBXFileReference; lastKnownFileType = text.plist.xml; path = Info.plist; sourceTree = "<group>"; };
		FF57786F215A0C5000B29AE6 /* ConcentrationUITests.xctest */ = {isa = PBXFileReference; explicitFileType = wrapper.cfbundle; includeInIndex = 0; path = ConcentrationUITests.xctest; sourceTree = BUILT_PRODUCTS_DIR; };
		FF577873215A0C5000B29AE6 /* ConcentrationUITests.swift */ = {isa = PBXFileReference; lastKnownFileType = sourcecode.swift; path = ConcentrationUITests.swift; sourceTree = "<group>"; };
		FF577875215A0C5000B29AE6 /* Info.plist */ = {isa = PBXFileReference; lastKnownFileType = text.plist.xml; path = Info.plist; sourceTree = "<group>"; };
		FF845ACF21700CEF005C1D0E /* ConcentrationThemeChooserViewController.swift */ = {isa = PBXFileReference; lastKnownFileType = sourcecode.swift; path = ConcentrationThemeChooserViewController.swift; sourceTree = "<group>"; };
		FFC41EE4215B10220047D26E /* Concentration.swift */ = {isa = PBXFileReference; lastKnownFileType = sourcecode.swift; path = Concentration.swift; sourceTree = "<group>"; };
		FFC41EE6215B10E90047D26E /* Card.swift */ = {isa = PBXFileReference; lastKnownFileType = sourcecode.swift; path = Card.swift; sourceTree = "<group>"; };
/* End PBXFileReference section */

/* Begin PBXFrameworksBuildPhase section */
		FF57784D215A0C4700B29AE6 /* Frameworks */ = {
			isa = PBXFrameworksBuildPhase;
			buildActionMask = 2147483647;
			files = (
			);
			runOnlyForDeploymentPostprocessing = 0;
		};
		FF577861215A0C5000B29AE6 /* Frameworks */ = {
			isa = PBXFrameworksBuildPhase;
			buildActionMask = 2147483647;
			files = (
			);
			runOnlyForDeploymentPostprocessing = 0;
		};
		FF57786C215A0C5000B29AE6 /* Frameworks */ = {
			isa = PBXFrameworksBuildPhase;
			buildActionMask = 2147483647;
			files = (
			);
			runOnlyForDeploymentPostprocessing = 0;
		};
/* End PBXFrameworksBuildPhase section */

/* Begin PBXGroup section */
		FF577847215A0C4700B29AE6 = {
			isa = PBXGroup;
			children = (
				FF577852215A0C4700B29AE6 /* Concentration */,
				FF577867215A0C5000B29AE6 /* ConcentrationTests */,
				FF577872215A0C5000B29AE6 /* ConcentrationUITests */,
				FF577851215A0C4700B29AE6 /* Products */,
			);
			sourceTree = "<group>";
		};
		FF577851215A0C4700B29AE6 /* Products */ = {
			isa = PBXGroup;
			children = (
				FF577850215A0C4700B29AE6 /* Concentration.app */,
				FF577864215A0C5000B29AE6 /* ConcentrationTests.xctest */,
				FF57786F215A0C5000B29AE6 /* ConcentrationUITests.xctest */,
			);
			name = Products;
			sourceTree = "<group>";
		};
		FF577852215A0C4700B29AE6 /* Concentration */ = {
			isa = PBXGroup;
			children = (
				FF577853215A0C4700B29AE6 /* AppDelegate.swift */,
				FF577855215A0C4700B29AE6 /* ConcentrationViewController.swift */,
				FF845ACF21700CEF005C1D0E /* ConcentrationThemeChooserViewController.swift */,
				FFC41EE4215B10220047D26E /* Concentration.swift */,
				FFC41EE6215B10E90047D26E /* Card.swift */,
				FF577857215A0C4700B29AE6 /* Main.storyboard */,
				FF57785A215A0C5000B29AE6 /* Assets.xcassets */,
				FF57785C215A0C5000B29AE6 /* LaunchScreen.storyboard */,
				FF57785F215A0C5000B29AE6 /* Info.plist */,
			);
			path = Concentration;
			sourceTree = "<group>";
		};
		FF577867215A0C5000B29AE6 /* ConcentrationTests */ = {
			isa = PBXGroup;
			children = (
				FF577868215A0C5000B29AE6 /* ConcentrationTests.swift */,
				FF57786A215A0C5000B29AE6 /* Info.plist */,
			);
			path = ConcentrationTests;
			sourceTree = "<group>";
		};
		FF577872215A0C5000B29AE6 /* ConcentrationUITests */ = {
			isa = PBXGroup;
			children = (
				FF577873215A0C5000B29AE6 /* ConcentrationUITests.swift */,
				FF577875215A0C5000B29AE6 /* Info.plist */,
			);
			path = ConcentrationUITests;
			sourceTree = "<group>";
		};
/* End PBXGroup section */

/* Begin PBXNativeTarget section */
		FF57784F215A0C4700B29AE6 /* Concentration */ = {
			isa = PBXNativeTarget;
			buildConfigurationList = FF577878215A0C5100B29AE6 /* Build configuration list for PBXNativeTarget "Concentration" */;
			buildPhases = (
				FF57784C215A0C4700B29AE6 /* Sources */,
				FF57784D215A0C4700B29AE6 /* Frameworks */,
				FF57784E215A0C4700B29AE6 /* Resources */,
			);
			buildRules = (
			);
			dependencies = (
			);
			name = Concentration;
			productName = Concentration;
			productReference = FF577850215A0C4700B29AE6 /* Concentration.app */;
			productType = "com.apple.product-type.application";
		};
		FF577863215A0C5000B29AE6 /* ConcentrationTests */ = {
			isa = PBXNativeTarget;
			buildConfigurationList = FF57787B215A0C5100B29AE6 /* Build configuration list for PBXNativeTarget "ConcentrationTests" */;
			buildPhases = (
				FF577860215A0C5000B29AE6 /* Sources */,
				FF577861215A0C5000B29AE6 /* Frameworks */,
				FF577862215A0C5000B29AE6 /* Resources */,
			);
			buildRules = (
			);
			dependencies = (
				FF577866215A0C5000B29AE6 /* PBXTargetDependency */,
			);
			name = ConcentrationTests;
			productName = ConcentrationTests;
			productReference = FF577864215A0C5000B29AE6 /* ConcentrationTests.xctest */;
			productType = "com.apple.product-type.bundle.unit-test";
		};
		FF57786E215A0C5000B29AE6 /* ConcentrationUITests */ = {
			isa = PBXNativeTarget;
			buildConfigurationList = FF57787E215A0C5100B29AE6 /* Build configuration list for PBXNativeTarget "ConcentrationUITests" */;
			buildPhases = (
				FF57786B215A0C5000B29AE6 /* Sources */,
				FF57786C215A0C5000B29AE6 /* Frameworks */,
				FF57786D215A0C5000B29AE6 /* Resources */,
			);
			buildRules = (
			);
			dependencies = (
				FF577871215A0C5000B29AE6 /* PBXTargetDependency */,
			);
			name = ConcentrationUITests;
			productName = ConcentrationUITests;
			productReference = FF57786F215A0C5000B29AE6 /* ConcentrationUITests.xctest */;
			productType = "com.apple.product-type.bundle.ui-testing";
		};
/* End PBXNativeTarget section */

/* Begin PBXProject section */
		FF577848215A0C4700B29AE6 /* Project object */ = {
			isa = PBXProject;
			attributes = {
				LastSwiftUpdateCheck = 1000;
				LastUpgradeCheck = 1000;
				ORGANIZATIONNAME = "Denver Stove";
				TargetAttributes = {
					FF57784F215A0C4700B29AE6 = {
						CreatedOnToolsVersion = 10.0;
					};
					FF577863215A0C5000B29AE6 = {
						CreatedOnToolsVersion = 10.0;
						TestTargetID = FF57784F215A0C4700B29AE6;
					};
					FF57786E215A0C5000B29AE6 = {
						CreatedOnToolsVersion = 10.0;
						TestTargetID = FF57784F215A0C4700B29AE6;
					};
				};
			};
			buildConfigurationList = FF57784B215A0C4700B29AE6 /* Build configuration list for PBXProject "Concentration" */;
			compatibilityVersion = "Xcode 9.3";
			developmentRegion = en;
			hasScannedForEncodings = 0;
			knownRegions = (
				en,
				Base,
			);
			mainGroup = FF577847215A0C4700B29AE6;
			productRefGroup = FF577851215A0C4700B29AE6 /* Products */;
			projectDirPath = "";
			projectRoot = "";
			targets = (
				FF57784F215A0C4700B29AE6 /* Concentration */,
				FF577863215A0C5000B29AE6 /* ConcentrationTests */,
				FF57786E215A0C5000B29AE6 /* ConcentrationUITests */,
			);
		};
/* End PBXProject section */

/* Begin PBXResourcesBuildPhase section */
		FF57784E215A0C4700B29AE6 /* Resources */ = {
			isa = PBXResourcesBuildPhase;
			buildActionMask = 2147483647;
			files = (
				FF57785E215A0C5000B29AE6 /* LaunchScreen.storyboard in Resources */,
				FF57785B215A0C5000B29AE6 /* Assets.xcassets in Resources */,
				FF577859215A0C4700B29AE6 /* Main.storyboard in Resources */,
			);
			runOnlyForDeploymentPostprocessing = 0;
		};
		FF577862215A0C5000B29AE6 /* Resources */ = {
			isa = PBXResourcesBuildPhase;
			buildActionMask = 2147483647;
			files = (
			);
			runOnlyForDeploymentPostprocessing = 0;
		};
		FF57786D215A0C5000B29AE6 /* Resources */ = {
			isa = PBXResourcesBuildPhase;
			buildActionMask = 2147483647;
			files = (
			);
			runOnlyForDeploymentPostprocessing = 0;
		};
/* End PBXResourcesBuildPhase section */

/* Begin PBXSourcesBuildPhase section */
		FF57784C215A0C4700B29AE6 /* Sources */ = {
			isa = PBXSourcesBuildPhase;
			buildActionMask = 2147483647;
			files = (
				FF845AD021700CEF005C1D0E /* ConcentrationThemeChooserViewController.swift in Sources */,
				FF577856215A0C4700B29AE6 /* ConcentrationViewController.swift in Sources */,
				FF577854215A0C4700B29AE6 /* AppDelegate.swift in Sources */,
				FFC41EE5215B10220047D26E /* Concentration.swift in Sources */,
				FFC41EE7215B10E90047D26E /* Card.swift in Sources */,
			);
			runOnlyForDeploymentPostprocessing = 0;
		};
		FF577860215A0C5000B29AE6 /* Sources */ = {
			isa = PBXSourcesBuildPhase;
			buildActionMask = 2147483647;
			files = (
				FF577869215A0C5000B29AE6 /* ConcentrationTests.swift in Sources */,
			);
			runOnlyForDeploymentPostprocessing = 0;
		};
		FF57786B215A0C5000B29AE6 /* Sources */ = {
			isa = PBXSourcesBuildPhase;
			buildActionMask = 2147483647;
			files = (
				FF577874215A0C5000B29AE6 /* ConcentrationUITests.swift in Sources */,
			);
			runOnlyForDeploymentPostprocessing = 0;
		};
/* End PBXSourcesBuildPhase section */

/* Begin PBXTargetDependency section */
		FF577866215A0C5000B29AE6 /* PBXTargetDependency */ = {
			isa = PBXTargetDependency;
			target = FF57784F215A0C4700B29AE6 /* Concentration */;
			targetProxy = FF577865215A0C5000B29AE6 /* PBXContainerItemProxy */;
		};
		FF577871215A0C5000B29AE6 /* PBXTargetDependency */ = {
			isa = PBXTargetDependency;
			target = FF57784F215A0C4700B29AE6 /* Concentration */;
			targetProxy = FF577870215A0C5000B29AE6 /* PBXContainerItemProxy */;
		};
/* End PBXTargetDependency section */

/* Begin PBXVariantGroup section */
		FF577857215A0C4700B29AE6 /* Main.storyboard */ = {
			isa = PBXVariantGroup;
			children = (
				FF577858215A0C4700B29AE6 /* Base */,
			);
			name = Main.storyboard;
			sourceTree = "<group>";
		};
		FF57785C215A0C5000B29AE6 /* LaunchScreen.storyboard */ = {
			isa = PBXVariantGroup;
			children = (
				FF57785D215A0C5000B29AE6 /* Base */,
			);
			name = LaunchScreen.storyboard;
			sourceTree = "<group>";
		};
/* End PBXVariantGroup section */

/* Begin XCBuildConfiguration section */
		FF577876215A0C5100B29AE6 /* Debug */ = {
			isa = XCBuildConfiguration;
			buildSettings = {
				ALWAYS_SEARCH_USER_PATHS = NO;
				CLANG_ANALYZER_NONNULL = YES;
				CLANG_ANALYZER_NUMBER_OBJECT_CONVERSION = YES_AGGRESSIVE;
				CLANG_CXX_LANGUAGE_STANDARD = "gnu++14";
				CLANG_CXX_LIBRARY = "libc++";
				CLANG_ENABLE_MODULES = YES;
				CLANG_ENABLE_OBJC_ARC = YES;
				CLANG_ENABLE_OBJC_WEAK = YES;
				CLANG_WARN_BLOCK_CAPTURE_AUTORELEASING = YES;
				CLANG_WARN_BOOL_CONVERSION = YES;
				CLANG_WARN_COMMA = YES;
				CLANG_WARN_CONSTANT_CONVERSION = YES;
				CLANG_WARN_DEPRECATED_OBJC_IMPLEMENTATIONS = YES;
				CLANG_WARN_DIRECT_OBJC_ISA_USAGE = YES_ERROR;
				CLANG_WARN_DOCUMENTATION_COMMENTS = YES;
				CLANG_WARN_EMPTY_BODY = YES;
				CLANG_WARN_ENUM_CONVERSION = YES;
				CLANG_WARN_INFINITE_RECURSION = YES;
				CLANG_WARN_INT_CONVERSION = YES;
				CLANG_WARN_NON_LITERAL_NULL_CONVERSION = YES;
				CLANG_WARN_OBJC_IMPLICIT_RETAIN_SELF = YES;
				CLANG_WARN_OBJC_LITERAL_CONVERSION = YES;
				CLANG_WARN_OBJC_ROOT_CLASS = YES_ERROR;
				CLANG_WARN_RANGE_LOOP_ANALYSIS = YES;
				CLANG_WARN_STRICT_PROTOTYPES = YES;
				CLANG_WARN_SUSPICIOUS_MOVE = YES;
				CLANG_WARN_UNGUARDED_AVAILABILITY = YES_AGGRESSIVE;
				CLANG_WARN_UNREACHABLE_CODE = YES;
				CLANG_WARN__DUPLICATE_METHOD_MATCH = YES;
				CODE_SIGN_IDENTITY = "iPhone Developer";
				COPY_PHASE_STRIP = NO;
				DEBUG_INFORMATION_FORMAT = dwarf;
				ENABLE_STRICT_OBJC_MSGSEND = YES;
				ENABLE_TESTABILITY = YES;
				GCC_C_LANGUAGE_STANDARD = gnu11;
				GCC_DYNAMIC_NO_PIC = NO;
				GCC_NO_COMMON_BLOCKS = YES;
				GCC_OPTIMIZATION_LEVEL = 0;
				GCC_PREPROCESSOR_DEFINITIONS = (
					"DEBUG=1",
					"$(inherited)",
				);
				GCC_WARN_64_TO_32_BIT_CONVERSION = YES;
				GCC_WARN_ABOUT_RETURN_TYPE = YES_ERROR;
				GCC_WARN_UNDECLARED_SELECTOR = YES;
				GCC_WARN_UNINITIALIZED_AUTOS = YES_AGGRESSIVE;
				GCC_WARN_UNUSED_FUNCTION = YES;
				GCC_WARN_UNUSED_VARIABLE = YES;
				IPHONEOS_DEPLOYMENT_TARGET = 12.0;
				MTL_ENABLE_DEBUG_INFO = INCLUDE_SOURCE;
				MTL_FAST_MATH = YES;
				ONLY_ACTIVE_ARCH = YES;
				SDKROOT = iphoneos;
				SWIFT_ACTIVE_COMPILATION_CONDITIONS = DEBUG;
				SWIFT_OPTIMIZATION_LEVEL = "-Onone";
			};
			name = Debug;
		};
		FF577877215A0C5100B29AE6 /* Release */ = {
			isa = XCBuildConfiguration;
			buildSettings = {
				ALWAYS_SEARCH_USER_PATHS = NO;
				CLANG_ANALYZER_NONNULL = YES;
				CLANG_ANALYZER_NUMBER_OBJECT_CONVERSION = YES_AGGRESSIVE;
				CLANG_CXX_LANGUAGE_STANDARD = "gnu++14";
				CLANG_CXX_LIBRARY = "libc++";
				CLANG_ENABLE_MODULES = YES;
				CLANG_ENABLE_OBJC_ARC = YES;
				CLANG_ENABLE_OBJC_WEAK = YES;
				CLANG_WARN_BLOCK_CAPTURE_AUTORELEASING = YES;
				CLANG_WARN_BOOL_CONVERSION = YES;
				CLANG_WARN_COMMA = YES;
				CLANG_WARN_CONSTANT_CONVERSION = YES;
				CLANG_WARN_DEPRECATED_OBJC_IMPLEMENTATIONS = YES;
				CLANG_WARN_DIRECT_OBJC_ISA_USAGE = YES_ERROR;
				CLANG_WARN_DOCUMENTATION_COMMENTS = YES;
				CLANG_WARN_EMPTY_BODY = YES;
				CLANG_WARN_ENUM_CONVERSION = YES;
				CLANG_WARN_INFINITE_RECURSION = YES;
				CLANG_WARN_INT_CONVERSION = YES;
				CLANG_WARN_NON_LITERAL_NULL_CONVERSION = YES;
				CLANG_WARN_OBJC_IMPLICIT_RETAIN_SELF = YES;
				CLANG_WARN_OBJC_LITERAL_CONVERSION = YES;
				CLANG_WARN_OBJC_ROOT_CLASS = YES_ERROR;
				CLANG_WARN_RANGE_LOOP_ANALYSIS = YES;
				CLANG_WARN_STRICT_PROTOTYPES = YES;
				CLANG_WARN_SUSPICIOUS_MOVE = YES;
				CLANG_WARN_UNGUARDED_AVAILABILITY = YES_AGGRESSIVE;
				CLANG_WARN_UNREACHABLE_CODE = YES;
				CLANG_WARN__DUPLICATE_METHOD_MATCH = YES;
				CODE_SIGN_IDENTITY = "iPhone Developer";
				COPY_PHASE_STRIP = NO;
				DEBUG_INFORMATION_FORMAT = "dwarf-with-dsym";
				ENABLE_NS_ASSERTIONS = NO;
				ENABLE_STRICT_OBJC_MSGSEND = YES;
				GCC_C_LANGUAGE_STANDARD = gnu11;
				GCC_NO_COMMON_BLOCKS = YES;
				GCC_WARN_64_TO_32_BIT_CONVERSION = YES;
				GCC_WARN_ABOUT_RETURN_TYPE = YES_ERROR;
				GCC_WARN_UNDECLARED_SELECTOR = YES;
				GCC_WARN_UNINITIALIZED_AUTOS = YES_AGGRESSIVE;
				GCC_WARN_UNUSED_FUNCTION = YES;
				GCC_WARN_UNUSED_VARIABLE = YES;
				IPHONEOS_DEPLOYMENT_TARGET = 12.0;
				MTL_ENABLE_DEBUG_INFO = NO;
				MTL_FAST_MATH = YES;
				SDKROOT = iphoneos;
				SWIFT_COMPILATION_MODE = wholemodule;
				SWIFT_OPTIMIZATION_LEVEL = "-O";
				VALIDATE_PRODUCT = YES;
			};
			name = Release;
		};
		FF577879215A0C5100B29AE6 /* Debug */ = {
			isa = XCBuildConfiguration;
			buildSettings = {
				ASSETCATALOG_COMPILER_APPICON_NAME = AppIcon;
				CODE_SIGN_STYLE = Automatic;
				DEVELOPMENT_TEAM = 7825C7P6ZZ;
				INFOPLIST_FILE = Concentration/Info.plist;
				LD_RUNPATH_SEARCH_PATHS = (
					"$(inherited)",
					"@executable_path/Frameworks",
				);
				PRODUCT_BUNDLE_IDENTIFIER = DenverTStove.Concentration;
				PRODUCT_NAME = "$(TARGET_NAME)";
				SWIFT_VERSION = 4.2;
				TARGETED_DEVICE_FAMILY = "1,2";
			};
			name = Debug;
		};
		FF57787A215A0C5100B29AE6 /* Release */ = {
			isa = XCBuildConfiguration;
			buildSettings = {
				ASSETCATALOG_COMPILER_APPICON_NAME = AppIcon;
				CODE_SIGN_STYLE = Automatic;
				DEVELOPMENT_TEAM = 7825C7P6ZZ;
				INFOPLIST_FILE = Concentration/Info.plist;
				LD_RUNPATH_SEARCH_PATHS = (
					"$(inherited)",
					"@executable_path/Frameworks",
				);
				PRODUCT_BUNDLE_IDENTIFIER = DenverTStove.Concentration;
				PRODUCT_NAME = "$(TARGET_NAME)";
				SWIFT_VERSION = 4.2;
				TARGETED_DEVICE_FAMILY = "1,2";
			};
			name = Release;
		};
		FF57787C215A0C5100B29AE6 /* Debug */ = {
			isa = XCBuildConfiguration;
			buildSettings = {
				ALWAYS_EMBED_SWIFT_STANDARD_LIBRARIES = YES;
				BUNDLE_LOADER = "$(TEST_HOST)";
				CODE_SIGN_STYLE = Automatic;
				DEVELOPMENT_TEAM = 7825C7P6ZZ;
				INFOPLIST_FILE = ConcentrationTests/Info.plist;
				LD_RUNPATH_SEARCH_PATHS = (
					"$(inherited)",
					"@executable_path/Frameworks",
					"@loader_path/Frameworks",
				);
				PRODUCT_BUNDLE_IDENTIFIER = DenverTStove.ConcentrationTests;
				PRODUCT_NAME = "$(TARGET_NAME)";
				SWIFT_VERSION = 4.2;
				TARGETED_DEVICE_FAMILY = "1,2";
				TEST_HOST = "$(BUILT_PRODUCTS_DIR)/Concentration.app/Concentration";
			};
			name = Debug;
		};
		FF57787D215A0C5100B29AE6 /* Release */ = {
			isa = XCBuildConfiguration;
			buildSettings = {
				ALWAYS_EMBED_SWIFT_STANDARD_LIBRARIES = YES;
				BUNDLE_LOADER = "$(TEST_HOST)";
				CODE_SIGN_STYLE = Automatic;
				DEVELOPMENT_TEAM = 7825C7P6ZZ;
				INFOPLIST_FILE = ConcentrationTests/Info.plist;
				LD_RUNPATH_SEARCH_PATHS = (
					"$(inherited)",
					"@executable_path/Frameworks",
					"@loader_path/Frameworks",
				);
				PRODUCT_BUNDLE_IDENTIFIER = DenverTStove.ConcentrationTests;
				PRODUCT_NAME = "$(TARGET_NAME)";
				SWIFT_VERSION = 4.2;
				TARGETED_DEVICE_FAMILY = "1,2";
				TEST_HOST = "$(BUILT_PRODUCTS_DIR)/Concentration.app/Concentration";
			};
			name = Release;
		};
		FF57787F215A0C5100B29AE6 /* Debug */ = {
			isa = XCBuildConfiguration;
			buildSettings = {
				ALWAYS_EMBED_SWIFT_STANDARD_LIBRARIES = YES;
				CODE_SIGN_STYLE = Automatic;
				DEVELOPMENT_TEAM = 7825C7P6ZZ;
				INFOPLIST_FILE = ConcentrationUITests/Info.plist;
				LD_RUNPATH_SEARCH_PATHS = (
					"$(inherited)",
					"@executable_path/Frameworks",
					"@loader_path/Frameworks",
				);
				PRODUCT_BUNDLE_IDENTIFIER = DenverTStove.ConcentrationUITests;
				PRODUCT_NAME = "$(TARGET_NAME)";
				SWIFT_VERSION = 4.2;
				TARGETED_DEVICE_FAMILY = "1,2";
				TEST_TARGET_NAME = Concentration;
			};
			name = Debug;
		};
		FF577880215A0C5100B29AE6 /* Release */ = {
			isa = XCBuildConfiguration;
			buildSettings = {
				ALWAYS_EMBED_SWIFT_STANDARD_LIBRARIES = YES;
				CODE_SIGN_STYLE = Automatic;
				DEVELOPMENT_TEAM = 7825C7P6ZZ;
				INFOPLIST_FILE = ConcentrationUITests/Info.plist;
				LD_RUNPATH_SEARCH_PATHS = (
					"$(inherited)",
					"@executable_path/Frameworks",
					"@loader_path/Frameworks",
				);
				PRODUCT_BUNDLE_IDENTIFIER = DenverTStove.ConcentrationUITests;
				PRODUCT_NAME = "$(TARGET_NAME)";
				SWIFT_VERSION = 4.2;
				TARGETED_DEVICE_FAMILY = "1,2";
				TEST_TARGET_NAME = Concentration;
			};
			name = Release;
		};
/* End XCBuildConfiguration section */

/* Begin XCConfigurationList section */
		FF57784B215A0C4700B29AE6 /* Build configuration list for PBXProject "Concentration" */ = {
			isa = XCConfigurationList;
			buildConfigurations = (
				FF577876215A0C5100B29AE6 /* Debug */,
				FF577877215A0C5100B29AE6 /* Release */,
			);
			defaultConfigurationIsVisible = 0;
			defaultConfigurationName = Release;
		};
		FF577878215A0C5100B29AE6 /* Build configuration list for PBXNativeTarget "Concentration" */ = {
			isa = XCConfigurationList;
			buildConfigurations = (
				FF577879215A0C5100B29AE6 /* Debug */,
				FF57787A215A0C5100B29AE6 /* Release */,
			);
			defaultConfigurationIsVisible = 0;
			defaultConfigurationName = Release;
		};
		FF57787B215A0C5100B29AE6 /* Build configuration list for PBXNativeTarget "ConcentrationTests" */ = {
			isa = XCConfigurationList;
			buildConfigurations = (
				FF57787C215A0C5100B29AE6 /* Debug */,
				FF57787D215A0C5100B29AE6 /* Release */,
			);
			defaultConfigurationIsVisible = 0;
			defaultConfigurationName = Release;
		};
		FF57787E215A0C5100B29AE6 /* Build configuration list for PBXNativeTarget "ConcentrationUITests" */ = {
			isa = XCConfigurationList;
			buildConfigurations = (
				FF57787F215A0C5100B29AE6 /* Debug */,
				FF577880215A0C5100B29AE6 /* Release */,
			);
			defaultConfigurationIsVisible = 0;
			defaultConfigurationName = Release;
		};
/* End XCConfigurationList section */
	};
	rootObject = FF577848215A0C4700B29AE6 /* Project object */;
}
